{
	"name": "progress-core",
	"version": "0.0.48",
	"lockfileVersion": 1,
	"requires": true,
	"dependencies": {
		"@frade-sam/samtools": {
			"version": "1.0.20",
			"resolved": "https://registry.nlark.com/@frade-sam/samtools/download/@frade-sam/samtools-1.0.20.tgz",
			"integrity": "sha1-CBTzUBSGSv8Dtq0up86Nr5FQ8Xw=",
			"requires": {
				"platform": "^1.3.6"
			}
		},
		"platform": {
			"version": "1.3.6",
			"resolved": "https://registry.npm.taobao.org/platform/download/platform-1.3.6.tgz?cache=0&sync_timestamp=1593860999570&other_urls=https%3A%2F%2Fregistry.npm.taobao.org%2Fplatform%2Fdownload%2Fplatform-1.3.6.tgz",
			"integrity": "sha1-SLTOmDFksgnC1FoQetsx9HOm56c="
		},
		"typescript": {
			"version": "4.2.4",
			"resolved": "https://registry.npmjs.org/typescript/-/typescript-4.2.4.tgz",
			"integrity": "sha512-V+evlYHZnQkaz8TRBuxTA92yZBPotr5H+WhQ7bD3hZUndx5tGOa1fuCgeSjxAzM1RiN5IzvadIXTVefuuwZCRg==",
			"dev": true
		}
	}
}
